
Microsoft Visual Studio Solution File, Format Version 12.00
# Visual Studio 2012
Project("{FAE04EC0-301F-11D3-BF4B-00C04F79EFBC}") = "H2SinglyLinkedList", "H2SinglyLinkedList\H2SinglyLinkedList.csproj", "{A965541E-1100-4968-A5E5-544C04F2A05B}"
EndProject
Global
	GlobalSection(SolutionConfigurationPlatforms) = preSolution
		Debug|x86 = Debug|x86
		Release|x86 = Release|x86
	EndGlobalSection
	GlobalSection(ProjectConfigurationPlatforms) = postSolution
		{A965541E-1100-4968-A5E5-544C04F2A05B}.Debug|x86.ActiveCfg = Debug|x86
		{A965541E-1100-4968-A5E5-544C04F2A05B}.Debug|x86.Build.0 = Debug|x86
		{A965541E-1100-4968-A5E5-544C04F2A05B}.Release|x86.ActiveCfg = Release|x86
		{A965541E-1100-4968-A5E5-544C04F2A05B}.Release|x86.Build.0 = Release|x86
	EndGlobalSection
EndGlobal
